schema: '2.0'
stages:
  collect:
    cmd: python src/pipeline/collect.py --output data/raw/iris_raw.csv
    outs:
    - path: data/raw/iris_raw.csv
      hash: md5
      md5: ace6bb977910975a796c9722a8fc6879
      size: 8992
  preprocess:
    cmd: python src/pipeline/preprocess.py --input data/raw/iris_raw.csv 
      --output data/processed/iris_preprocessed.csv
    deps:
    - path: data/raw/iris_raw.csv
      hash: md5
      md5: ace6bb977910975a796c9722a8fc6879
      size: 8992
    - path: src/pipeline/preprocess.py
      hash: md5
      md5: 9801f7ead2572068308f4cff80f573a7
      size: 2116
    outs:
    - path: data/processed/iris_preprocessed.csv
      hash: md5
      md5: a14ddf816aea4f7a003d1f974d3aaef1
      size: 4002
  features:
    cmd: python src/pipeline/features.py --input 
      data/processed/iris_preprocessed.csv --output 
      data/processed/iris_features.csv
    deps:
    - path: data/processed/iris_preprocessed.csv
      hash: md5
      md5: a14ddf816aea4f7a003d1f974d3aaef1
      size: 4002
    - path: src/pipeline/features.py
      hash: md5
      md5: 173cdb7959ee092231af43b205ce9f7a
      size: 1600
    outs:
    - path: data/processed/iris_features.csv
      hash: md5
      md5: 0e0705fa15985fa70f9354a8213a9a15
      size: 10448
  validate:
    cmd: python src/pipeline/validate.py --input 
      data/processed/iris_features.csv
    deps:
    - path: data/processed/iris_features.csv
      hash: md5
      md5: 0e0705fa15985fa70f9354a8213a9a15
      size: 10448
    - path: src/pipeline/validate.py
      hash: md5
      md5: bfc254d26ee78ede2d7fe38757e40646
      size: 2957
